hash: 59f8fdb5884e871f2585ef83ec873642ac90ca0bd9b0326e7e6d4643faca6f57
updated: 2017-07-03T14:31:50.238885799-07:00
imports:
- name: github.com/alecthomas/log4go
  version: 3fbce08846379ec7f4f6bc7fce6dd01ce28fae4c
  repo: https://github.com/mattermost/log4go.git
- name: github.com/gorilla/websocket
  version: 3ab3a8b8831546bd18fd182c20687ca853b2bb13
- name: github.com/mattermost/platform
  version: 02335ddad42dcd048f8ef9f371dde90bdaedc1eb
  subpackages:
  - model
- name: github.com/nicksnyder/go-i18n
  version: 3e70a1a463008cea6726380c908b1a6a8bdf7b24
  subpackages:
  - i18n
  - i18n/bundle
  - i18n/language
  - i18n/translation
- name: github.com/pborman/uuid
  version: a97ce2ca70fa5a848076093f05e639a89ca34d06
- name: github.com/pelletier/go-toml
  version: 69d355db5304c0f7f809a2edc054553e7142f016
- name: golang.org/x/crypto
  version: 69be088f860613049aa58c65154d1b1d32bbdf90
  subpackages:
  - bcrypt
  - blowfish
- name: gopkg.in/yaml.v2
  version: cd8b52f8269e0feb286dfeef29f8fe4d5b397e0b
testImports: []
